
Microsoft Visual Studio Solution File, Format Version 12.00
# Visual Studio Version 17
VisualStudioVersion = 17.2.32616.157
MinimumVisualStudioVersion = 10.0.40219.1
Project("{FAE04EC0-301F-11D3-BF4B-00C04F79EFBC}") = "Core", "Core\Core.csproj", "{FECFBC86-9FEA-4C65-9245-6D4B06618FD3}"
EndProject
Project("{FAE04EC0-301F-11D3-BF4B-00C04F79EFBC}") = "DataAccess", "DataAccess\DataAccess.csproj", "{780CD97B-52CF-4E09-9FC5-D71CE63D536F}"
EndProject
Project("{FAE04EC0-301F-11D3-BF4B-00C04F79EFBC}") = "Web", "Web\Web.csproj", "{B8D787B7-1079-476E-833D-1046B847C97B}"
EndProject
Global
	GlobalSection(SolutionConfigurationPlatforms) = preSolution
		Debug|Any CPU = Debug|Any CPU
		Release|Any CPU = Release|Any CPU
	EndGlobalSection
	GlobalSection(ProjectConfigurationPlatforms) = postSolution
		{FECFBC86-9FEA-4C65-9245-6D4B06618FD3}.Debug|Any CPU.ActiveCfg = Debug|Any CPU
		{FECFBC86-9FEA-4C65-9245-6D4B06618FD3}.Debug|Any CPU.Build.0 = Debug|Any CPU
		{FECFBC86-9FEA-4C65-9245-6D4B06618FD3}.Release|Any CPU.ActiveCfg = Release|Any CPU
		{FECFBC86-9FEA-4C65-9245-6D4B06618FD3}.Release|Any CPU.Build.0 = Release|Any CPU
		{780CD97B-52CF-4E09-9FC5-D71CE63D536F}.Debug|Any CPU.ActiveCfg = Debug|Any CPU
		{780CD97B-52CF-4E09-9FC5-D71CE63D536F}.Debug|Any CPU.Build.0 = Debug|Any CPU
		{780CD97B-52CF-4E09-9FC5-D71CE63D536F}.Release|Any CPU.ActiveCfg = Release|Any CPU
		{780CD97B-52CF-4E09-9FC5-D71CE63D536F}.Release|Any CPU.Build.0 = Release|Any CPU
		{B8D787B7-1079-476E-833D-1046B847C97B}.Debug|Any CPU.ActiveCfg = Debug|Any CPU
		{B8D787B7-1079-476E-833D-1046B847C97B}.Debug|Any CPU.Build.0 = Debug|Any CPU
		{B8D787B7-1079-476E-833D-1046B847C97B}.Release|Any CPU.ActiveCfg = Release|Any CPU
		{B8D787B7-1079-476E-833D-1046B847C97B}.Release|Any CPU.Build.0 = Release|Any CPU
	EndGlobalSection
	GlobalSection(SolutionProperties) = preSolution
		HideSolutionNode = FALSE
	EndGlobalSection
	GlobalSection(ExtensibilityGlobals) = postSolution
		SolutionGuid = {F311745C-4E53-4AED-9A99-E40024D05B02}
	EndGlobalSection
EndGlobal
